// !$*UTF8*$!
{
	archiveVersion = 1;
	classes = {
	};
	objectVersion = 55;
	objects = {

/* Begin PBXBuildFile section */
		63007B4928AE38D5002FA25E /* MockURLProtocol.swift in Sources */ = {isa = PBXBuildFile; fileRef = 63007B4828AE38D5002FA25E /* MockURLProtocol.swift */; };
		63007B4C28AE3950002FA25E /* FakeResponse.swift in Sources */ = {isa = PBXBuildFile; fileRef = 63007B4B28AE3950002FA25E /* FakeResponse.swift */; };
		63007B4E28AE4652002FA25E /* TestNetwork.swift in Sources */ = {isa = PBXBuildFile; fileRef = 63007B4D28AE4652002FA25E /* TestNetwork.swift */; };
		63007B5028AE6AB6002FA25E /* badjson.json in Resources */ = {isa = PBXBuildFile; fileRef = 63007B4F28AE6AB6002FA25E /* badjson.json */; };
		63007B5228AE6CCD002FA25E /* goodjson.json in Resources */ = {isa = PBXBuildFile; fileRef = 63007B5128AE6CCD002FA25E /* goodjson.json */; };
		6318325B28894F6C00111D7A /* GamesObject.swift in Sources */ = {isa = PBXBuildFile; fileRef = 6318325A28894F6C00111D7A /* GamesObject.swift */; };
		632AF25028B3915F00FE50F9 /* liveanimation.json in Resources */ = {isa = PBXBuildFile; fileRef = 632AF24F28B3915F00FE50F9 /* liveanimation.json */; };
		632AF25228B3940400FE50F9 /* livetest.json in Resources */ = {isa = PBXBuildFile; fileRef = 632AF25128B3940400FE50F9 /* livetest.json */; };
		632AF25428B394A600FE50F9 /* golive.json in Resources */ = {isa = PBXBuildFile; fileRef = 632AF25328B394A600FE50F9 /* golive.json */; };
		632AF25628B39ACD00FE50F9 /* LaunchViewController.swift in Sources */ = {isa = PBXBuildFile; fileRef = 632AF25528B39ACD00FE50F9 /* LaunchViewController.swift */; };
		632AF25A28B39E1E00FE50F9 /* launch.json in Resources */ = {isa = PBXBuildFile; fileRef = 632AF25928B39E1E00FE50F9 /* launch.json */; };
		63401EBD289AC86B00CE7868 /* MatchDetailViewController.swift in Sources */ = {isa = PBXBuildFile; fileRef = 63401EBC289AC86B00CE7868 /* MatchDetailViewController.swift */; };
		63432E0C2886D62700865499 /* GamesCollectionViewCell.xib in Resources */ = {isa = PBXBuildFile; fileRef = 63432E0A2886D62700865499 /* GamesCollectionViewCell.xib */; };
		63432E102886DC6600865499 /* UIViewController+AlertController.swift in Sources */ = {isa = PBXBuildFile; fileRef = 63432E0F2886DC6600865499 /* UIViewController+AlertController.swift */; };
		635A5E6028900B1100D17523 /* Network.swift in Sources */ = {isa = PBXBuildFile; fileRef = 635A5E5F28900B1100D17523 /* Network.swift */; };
		6365FE8B28577DFB005C363A /* GamesCollectionViewCell.swift in Sources */ = {isa = PBXBuildFile; fileRef = 6365FE8A28577DFB005C363A /* GamesCollectionViewCell.swift */; };
		6365FE8E2857889C005C363A /* LeaguesCollectionViewCell.swift in Sources */ = {isa = PBXBuildFile; fileRef = 6365FE8C2857889C005C363A /* LeaguesCollectionViewCell.swift */; };
		6365FE8F2857889C005C363A /* LeaguesCollectionViewCell.xib in Resources */ = {isa = PBXBuildFile; fileRef = 6365FE8D2857889C005C363A /* LeaguesCollectionViewCell.xib */; };
		63680C962858933A009E99D2 /* RankingTableViewCell.swift in Sources */ = {isa = PBXBuildFile; fileRef = 63680C942858933A009E99D2 /* RankingTableViewCell.swift */; };
		63680C972858933A009E99D2 /* RankingTableViewCell.xib in Resources */ = {isa = PBXBuildFile; fileRef = 63680C952858933A009E99D2 /* RankingTableViewCell.xib */; };
		63680C9928589518009E99D2 /* RankingData.swift in Sources */ = {isa = PBXBuildFile; fileRef = 63680C9828589518009E99D2 /* RankingData.swift */; };
		637C08F128B3C80900833533 /* UILabel.swift in Sources */ = {isa = PBXBuildFile; fileRef = 637C08F028B3C80900833533 /* UILabel.swift */; };
		637C08F328B3C82A00833533 /* UIView.swift in Sources */ = {isa = PBXBuildFile; fileRef = 637C08F228B3C82A00833533 /* UIView.swift */; };
		637C08F528B3C84700833533 /* UIStackView.swift in Sources */ = {isa = PBXBuildFile; fileRef = 637C08F428B3C84700833533 /* UIStackView.swift */; };
		6380E0F2287C593D003396F4 /* ResultTableViewCell.swift in Sources */ = {isa = PBXBuildFile; fileRef = 6380E0F0287C593D003396F4 /* ResultTableViewCell.swift */; };
		6380E0F3287C593D003396F4 /* ResultTableViewCell.xib in Resources */ = {isa = PBXBuildFile; fileRef = 6380E0F1287C593D003396F4 /* ResultTableViewCell.xib */; };
		6382FBB92869A69C00D44C82 /* MatchObject.swift in Sources */ = {isa = PBXBuildFile; fileRef = 6382FBB82869A69C00D44C82 /* MatchObject.swift */; };
		63B7F4042882ADB6007413AE /* match.json in Resources */ = {isa = PBXBuildFile; fileRef = 63B7F4032882ADB6007413AE /* match.json */; };
		63C31E75284DFD650083AD8B /* AppDelegate.swift in Sources */ = {isa = PBXBuildFile; fileRef = 63C31E74284DFD650083AD8B /* AppDelegate.swift */; };
		63C31E77284DFD650083AD8B /* SceneDelegate.swift in Sources */ = {isa = PBXBuildFile; fileRef = 63C31E76284DFD650083AD8B /* SceneDelegate.swift */; };
		63C31E7C284DFD650083AD8B /* Main.storyboard in Resources */ = {isa = PBXBuildFile; fileRef = 63C31E7A284DFD650083AD8B /* Main.storyboard */; };
		63C31E7F284DFD650083AD8B /* P12.xcdatamodeld in Sources */ = {isa = PBXBuildFile; fileRef = 63C31E7D284DFD650083AD8B /* P12.xcdatamodeld */; };
		63C31E81284DFD660083AD8B /* Assets.xcassets in Resources */ = {isa = PBXBuildFile; fileRef = 63C31E80284DFD660083AD8B /* Assets.xcassets */; };
		63C31E84284DFD660083AD8B /* LaunchScreen.storyboard in Resources */ = {isa = PBXBuildFile; fileRef = 63C31E82284DFD660083AD8B /* LaunchScreen.storyboard */; };
		63C31E8F284DFD660083AD8B /* P12Tests.swift in Sources */ = {isa = PBXBuildFile; fileRef = 63C31E8E284DFD660083AD8B /* P12Tests.swift */; };
		63C31E99284DFD660083AD8B /* P12UITests.swift in Sources */ = {isa = PBXBuildFile; fileRef = 63C31E98284DFD660083AD8B /* P12UITests.swift */; };
		63C31E9B284DFD660083AD8B /* P12UITestsLaunchTests.swift in Sources */ = {isa = PBXBuildFile; fileRef = 63C31E9A284DFD660083AD8B /* P12UITestsLaunchTests.swift */; };
		63C31EB0284DFDC10083AD8B /* Service.swift in Sources */ = {isa = PBXBuildFile; fileRef = 63C31EAF284DFDC10083AD8B /* Service.swift */; };
		63C31EB2284DFE7E0083AD8B /* SessionProtocol.swift in Sources */ = {isa = PBXBuildFile; fileRef = 63C31EB1284DFE7E0083AD8B /* SessionProtocol.swift */; };
		63C31EB4284DFE910083AD8B /* Session.swift in Sources */ = {isa = PBXBuildFile; fileRef = 63C31EB3284DFE910083AD8B /* Session.swift */; };
		63C31EB6284DFEB90083AD8B /* Data.swift in Sources */ = {isa = PBXBuildFile; fileRef = 63C31EB5284DFEB90083AD8B /* Data.swift */; };
		63C31EBB284E11860083AD8B /* FirstLaunchViewController.swift in Sources */ = {isa = PBXBuildFile; fileRef = 63C31EB9284E11860083AD8B /* FirstLaunchViewController.swift */; };
		63C31EC0284E51CC0083AD8B /* RankingViewController.swift in Sources */ = {isa = PBXBuildFile; fileRef = 63C31EBF284E51CC0083AD8B /* RankingViewController.swift */; };
		63C31EC2284E51F00083AD8B /* ResultViewController.swift in Sources */ = {isa = PBXBuildFile; fileRef = 63C31EC1284E51F00083AD8B /* ResultViewController.swift */; };
		63D341FE285CE7F7003C556C /* GoogleService-Info.plist in Resources */ = {isa = PBXBuildFile; fileRef = 63D341FD285CE7F7003C556C /* GoogleService-Info.plist */; };
		63D341FF285CE7F7003C556C /* GoogleService-Info.plist in Resources */ = {isa = PBXBuildFile; fileRef = 63D341FD285CE7F7003C556C /* GoogleService-Info.plist */; };
		63D34200285CE7F7003C556C /* GoogleService-Info.plist in Resources */ = {isa = PBXBuildFile; fileRef = 63D341FD285CE7F7003C556C /* GoogleService-Info.plist */; };
		63DC6D1F28A634C900B01ED3 /* BebasNeue-Regular.otf in Resources */ = {isa = PBXBuildFile; fileRef = 63DC6D1E28A634C900B01ED3 /* BebasNeue-Regular.otf */; };
		63DDDCC228BCC29A00A3ACA8 /* Lottie in Frameworks */ = {isa = PBXBuildFile; productRef = 63DDDCC128BCC29A00A3ACA8 /* Lottie */; };
		63F2509528B3818800A04F52 /* SDWebImage in Frameworks */ = {isa = PBXBuildFile; productRef = 63F2509428B3818800A04F52 /* SDWebImage */; };
		63F2509828B3821200A04F52 /* FirebaseAnalytics in Frameworks */ = {isa = PBXBuildFile; productRef = 63F2509728B3821200A04F52 /* FirebaseAnalytics */; };
		63F2509A28B3821200A04F52 /* FirebaseFirestore in Frameworks */ = {isa = PBXBuildFile; productRef = 63F2509928B3821200A04F52 /* FirebaseFirestore */; };
		63F2509C28B3821200A04F52 /* FirebaseFirestoreSwift in Frameworks */ = {isa = PBXBuildFile; productRef = 63F2509B28B3821200A04F52 /* FirebaseFirestoreSwift */; };
		63F2509F28B3824100A04F52 /* Alamofire in Frameworks */ = {isa = PBXBuildFile; productRef = 63F2509E28B3824100A04F52 /* Alamofire */; };
		63F68B8028AA4FFE008F7FB0 /* Made Tommy.otf in Resources */ = {isa = PBXBuildFile; fileRef = 63F68B7F28AA4FFE008F7FB0 /* Made Tommy.otf */; };
/* End PBXBuildFile section */

/* Begin PBXContainerItemProxy section */
		63C31E8B284DFD660083AD8B /* PBXContainerItemProxy */ = {
			isa = PBXContainerItemProxy;
			containerPortal = 63C31E69284DFD650083AD8B /* Project object */;
			proxyType = 1;
			remoteGlobalIDString = 63C31E70284DFD650083AD8B;
			remoteInfo = P12;
		};
		63C31E95284DFD660083AD8B /* PBXContainerItemProxy */ = {
			isa = PBXContainerItemProxy;
			containerPortal = 63C31E69284DFD650083AD8B /* Project object */;
			proxyType = 1;
			remoteGlobalIDString = 63C31E70284DFD650083AD8B;
			remoteInfo = P12;
		};
/* End PBXContainerItemProxy section */

/* Begin PBXFileReference section */
		63007B4828AE38D5002FA25E /* MockURLProtocol.swift */ = {isa = PBXFileReference; lastKnownFileType = sourcecode.swift; path = MockURLProtocol.swift; sourceTree = "<group>"; };
		63007B4B28AE3950002FA25E /* FakeResponse.swift */ = {isa = PBXFileReference; lastKnownFileType = sourcecode.swift; path = FakeResponse.swift; sourceTree = "<group>"; };
		63007B4D28AE4652002FA25E /* TestNetwork.swift */ = {isa = PBXFileReference; lastKnownFileType = sourcecode.swift; path = TestNetwork.swift; sourceTree = "<group>"; };
		63007B4F28AE6AB6002FA25E /* badjson.json */ = {isa = PBXFileReference; lastKnownFileType = text.json; path = badjson.json; sourceTree = "<group>"; };
		63007B5128AE6CCD002FA25E /* goodjson.json */ = {isa = PBXFileReference; lastKnownFileType = text.json; path = goodjson.json; sourceTree = "<group>"; };
		6318325A28894F6C00111D7A /* GamesObject.swift */ = {isa = PBXFileReference; lastKnownFileType = sourcecode.swift; path = GamesObject.swift; sourceTree = "<group>"; };
		632AF24F28B3915F00FE50F9 /* liveanimation.json */ = {isa = PBXFileReference; fileEncoding = 4; lastKnownFileType = text.json; path = liveanimation.json; sourceTree = "<group>"; };
		632AF25128B3940400FE50F9 /* livetest.json */ = {isa = PBXFileReference; fileEncoding = 4; lastKnownFileType = text.json; path = livetest.json; sourceTree = "<group>"; };
		632AF25328B394A600FE50F9 /* golive.json */ = {isa = PBXFileReference; fileEncoding = 4; lastKnownFileType = text.json; path = golive.json; sourceTree = "<group>"; };
		632AF25528B39ACD00FE50F9 /* LaunchViewController.swift */ = {isa = PBXFileReference; lastKnownFileType = sourcecode.swift; path = LaunchViewController.swift; sourceTree = "<group>"; };
		632AF25928B39E1E00FE50F9 /* launch.json */ = {isa = PBXFileReference; fileEncoding = 4; lastKnownFileType = text.json; path = launch.json; sourceTree = "<group>"; };
		63401EBC289AC86B00CE7868 /* MatchDetailViewController.swift */ = {isa = PBXFileReference; lastKnownFileType = sourcecode.swift; path = MatchDetailViewController.swift; sourceTree = "<group>"; };
		63432E0A2886D62700865499 /* GamesCollectionViewCell.xib */ = {isa = PBXFileReference; lastKnownFileType = file.xib; path = GamesCollectionViewCell.xib; sourceTree = "<group>"; };
		63432E0F2886DC6600865499 /* UIViewController+AlertController.swift */ = {isa = PBXFileReference; lastKnownFileType = sourcecode.swift; path = "UIViewController+AlertController.swift"; sourceTree = "<group>"; };
		635A5E5F28900B1100D17523 /* Network.swift */ = {isa = PBXFileReference; lastKnownFileType = sourcecode.swift; path = Network.swift; sourceTree = "<group>"; };
		6365FE8A28577DFB005C363A /* GamesCollectionViewCell.swift */ = {isa = PBXFileReference; lastKnownFileType = sourcecode.swift; path = GamesCollectionViewCell.swift; sourceTree = "<group>"; };
		6365FE8C2857889C005C363A /* LeaguesCollectionViewCell.swift */ = {isa = PBXFileReference; lastKnownFileType = sourcecode.swift; path = LeaguesCollectionViewCell.swift; sourceTree = "<group>"; };
		6365FE8D2857889C005C363A /* LeaguesCollectionViewCell.xib */ = {isa = PBXFileReference; lastKnownFileType = file.xib; path = LeaguesCollectionViewCell.xib; sourceTree = "<group>"; };
		63680C942858933A009E99D2 /* RankingTableViewCell.swift */ = {isa = PBXFileReference; lastKnownFileType = sourcecode.swift; path = RankingTableViewCell.swift; sourceTree = "<group>"; };
		63680C952858933A009E99D2 /* RankingTableViewCell.xib */ = {isa = PBXFileReference; lastKnownFileType = file.xib; path = RankingTableViewCell.xib; sourceTree = "<group>"; };
		63680C9828589518009E99D2 /* RankingData.swift */ = {isa = PBXFileReference; lastKnownFileType = sourcecode.swift; path = RankingData.swift; sourceTree = "<group>"; };
		637C08F028B3C80900833533 /* UILabel.swift */ = {isa = PBXFileReference; lastKnownFileType = sourcecode.swift; path = UILabel.swift; sourceTree = "<group>"; };
		637C08F228B3C82A00833533 /* UIView.swift */ = {isa = PBXFileReference; lastKnownFileType = sourcecode.swift; path = UIView.swift; sourceTree = "<group>"; };
		637C08F428B3C84700833533 /* UIStackView.swift */ = {isa = PBXFileReference; lastKnownFileType = sourcecode.swift; path = UIStackView.swift; sourceTree = "<group>"; };
		6380E0F0287C593D003396F4 /* ResultTableViewCell.swift */ = {isa = PBXFileReference; lastKnownFileType = sourcecode.swift; path = ResultTableViewCell.swift; sourceTree = "<group>"; };
		6380E0F1287C593D003396F4 /* ResultTableViewCell.xib */ = {isa = PBXFileReference; lastKnownFileType = file.xib; path = ResultTableViewCell.xib; sourceTree = "<group>"; };
		6382FBB82869A69C00D44C82 /* MatchObject.swift */ = {isa = PBXFileReference; lastKnownFileType = sourcecode.swift; path = MatchObject.swift; sourceTree = "<group>"; };
		63B7F4032882ADB6007413AE /* match.json */ = {isa = PBXFileReference; lastKnownFileType = text.json; path = match.json; sourceTree = "<group>"; };
		63C31E71284DFD650083AD8B /* P12.app */ = {isa = PBXFileReference; explicitFileType = wrapper.application; includeInIndex = 0; path = P12.app; sourceTree = BUILT_PRODUCTS_DIR; };
		63C31E74284DFD650083AD8B /* AppDelegate.swift */ = {isa = PBXFileReference; lastKnownFileType = sourcecode.swift; path = AppDelegate.swift; sourceTree = "<group>"; };
		63C31E76284DFD650083AD8B /* SceneDelegate.swift */ = {isa = PBXFileReference; lastKnownFileType = sourcecode.swift; path = SceneDelegate.swift; sourceTree = "<group>"; };
		63C31E7B284DFD650083AD8B /* Base */ = {isa = PBXFileReference; lastKnownFileType = file.storyboard; name = Base; path = Base.lproj/Main.storyboard; sourceTree = "<group>"; };
		63C31E7E284DFD650083AD8B /* P12.xcdatamodel */ = {isa = PBXFileReference; lastKnownFileType = wrapper.xcdatamodel; path = P12.xcdatamodel; sourceTree = "<group>"; };
		63C31E80284DFD660083AD8B /* Assets.xcassets */ = {isa = PBXFileReference; lastKnownFileType = folder.assetcatalog; path = Assets.xcassets; sourceTree = "<group>"; };
		63C31E83284DFD660083AD8B /* Base */ = {isa = PBXFileReference; lastKnownFileType = file.storyboard; name = Base; path = Base.lproj/LaunchScreen.storyboard; sourceTree = "<group>"; };
		63C31E85284DFD660083AD8B /* Info.plist */ = {isa = PBXFileReference; lastKnownFileType = text.plist.xml; path = Info.plist; sourceTree = "<group>"; };
		63C31E8A284DFD660083AD8B /* P12Tests.xctest */ = {isa = PBXFileReference; explicitFileType = wrapper.cfbundle; includeInIndex = 0; path = P12Tests.xctest; sourceTree = BUILT_PRODUCTS_DIR; };
		63C31E8E284DFD660083AD8B /* P12Tests.swift */ = {isa = PBXFileReference; lastKnownFileType = sourcecode.swift; path = P12Tests.swift; sourceTree = "<group>"; };
		63C31E94284DFD660083AD8B /* P12UITests.xctest */ = {isa = PBXFileReference; explicitFileType = wrapper.cfbundle; includeInIndex = 0; path = P12UITests.xctest; sourceTree = BUILT_PRODUCTS_DIR; };
		63C31E98284DFD660083AD8B /* P12UITests.swift */ = {isa = PBXFileReference; lastKnownFileType = sourcecode.swift; path = P12UITests.swift; sourceTree = "<group>"; };
		63C31E9A284DFD660083AD8B /* P12UITestsLaunchTests.swift */ = {isa = PBXFileReference; lastKnownFileType = sourcecode.swift; path = P12UITestsLaunchTests.swift; sourceTree = "<group>"; };
		63C31EAF284DFDC10083AD8B /* Service.swift */ = {isa = PBXFileReference; lastKnownFileType = sourcecode.swift; path = Service.swift; sourceTree = "<group>"; };
		63C31EB1284DFE7E0083AD8B /* SessionProtocol.swift */ = {isa = PBXFileReference; lastKnownFileType = sourcecode.swift; path = SessionProtocol.swift; sourceTree = "<group>"; };
		63C31EB3284DFE910083AD8B /* Session.swift */ = {isa = PBXFileReference; lastKnownFileType = sourcecode.swift; path = Session.swift; sourceTree = "<group>"; };
		63C31EB5284DFEB90083AD8B /* Data.swift */ = {isa = PBXFileReference; lastKnownFileType = sourcecode.swift; path = Data.swift; sourceTree = "<group>"; };
		63C31EB9284E11860083AD8B /* FirstLaunchViewController.swift */ = {isa = PBXFileReference; lastKnownFileType = sourcecode.swift; path = FirstLaunchViewController.swift; sourceTree = "<group>"; };
		63C31EBF284E51CC0083AD8B /* RankingViewController.swift */ = {isa = PBXFileReference; lastKnownFileType = sourcecode.swift; path = RankingViewController.swift; sourceTree = "<group>"; };
		63C31EC1284E51F00083AD8B /* ResultViewController.swift */ = {isa = PBXFileReference; lastKnownFileType = sourcecode.swift; path = ResultViewController.swift; sourceTree = "<group>"; };
		63D341FD285CE7F7003C556C /* GoogleService-Info.plist */ = {isa = PBXFileReference; fileEncoding = 4; lastKnownFileType = text.plist.xml; path = "GoogleService-Info.plist"; sourceTree = "<group>"; };
		63DC6D1E28A634C900B01ED3 /* BebasNeue-Regular.otf */ = {isa = PBXFileReference; lastKnownFileType = file; path = "BebasNeue-Regular.otf"; sourceTree = "<group>"; };
		63F68B7F28AA4FFE008F7FB0 /* Made Tommy.otf */ = {isa = PBXFileReference; lastKnownFileType = file; path = "Made Tommy.otf"; sourceTree = "<group>"; };
/* End PBXFileReference section */

/* Begin PBXFrameworksBuildPhase section */
		63C31E6E284DFD650083AD8B /* Frameworks */ = {
			isa = PBXFrameworksBuildPhase;
			buildActionMask = 2147483647;
			files = (
				63F2509F28B3824100A04F52 /* Alamofire in Frameworks */,
				63F2509828B3821200A04F52 /* FirebaseAnalytics in Frameworks */,
				63F2509528B3818800A04F52 /* SDWebImage in Frameworks */,
				63F2509A28B3821200A04F52 /* FirebaseFirestore in Frameworks */,
				63F2509C28B3821200A04F52 /* FirebaseFirestoreSwift in Frameworks */,
				63DDDCC228BCC29A00A3ACA8 /* Lottie in Frameworks */,
			);
			runOnlyForDeploymentPostprocessing = 0;
		};
		63C31E87284DFD660083AD8B /* Frameworks */ = {
			isa = PBXFrameworksBuildPhase;
			buildActionMask = 2147483647;
			files = (
			);
			runOnlyForDeploymentPostprocessing = 0;
		};
		63C31E91284DFD660083AD8B /* Frameworks */ = {
			isa = PBXFrameworksBuildPhase;
			buildActionMask = 2147483647;
			files = (
			);
			runOnlyForDeploymentPostprocessing = 0;
		};
/* End PBXFrameworksBuildPhase section */

/* Begin PBXGroup section */
		63007B4A28AE3942002FA25E /* JSON */ = {
			isa = PBXGroup;
			children = (
				63007B4F28AE6AB6002FA25E /* badjson.json */,
				63007B5128AE6CCD002FA25E /* goodjson.json */,
			);
			path = JSON;
			sourceTree = "<group>";
		};
		6318325C2889710000111D7A /* Extension */ = {
			isa = PBXGroup;
			children = (
				63432E0F2886DC6600865499 /* UIViewController+AlertController.swift */,
				637C08F028B3C80900833533 /* UILabel.swift */,
				637C08F228B3C82A00833533 /* UIView.swift */,
				637C08F428B3C84700833533 /* UIStackView.swift */,
			);
			path = Extension;
			sourceTree = "<group>";
		};
		63C31E68284DFD650083AD8B = {
			isa = PBXGroup;
			children = (
				63C31E73284DFD650083AD8B /* P12 */,
				63C31E8D284DFD660083AD8B /* P12Tests */,
				63C31E97284DFD660083AD8B /* P12UITests */,
				63C31E72284DFD650083AD8B /* Products */,
				6EBD7B9C8B071D991018A405 /* Pods */,
			);
			sourceTree = "<group>";
		};
		63C31E72284DFD650083AD8B /* Products */ = {
			isa = PBXGroup;
			children = (
				63C31E71284DFD650083AD8B /* P12.app */,
				63C31E8A284DFD660083AD8B /* P12Tests.xctest */,
				63C31E94284DFD660083AD8B /* P12UITests.xctest */,
			);
			name = Products;
			sourceTree = "<group>";
		};
		63C31E73284DFD650083AD8B /* P12 */ = {
			isa = PBXGroup;
			children = (
				63EE257E28B3C00600AB52CD /* Animation */,
				6318325C2889710000111D7A /* Extension */,
				63C31EAA284DFD960083AD8B /* Controller */,
				63C31EA9284DFD7D0083AD8B /* View */,
				63C31EA7284DFD6C0083AD8B /* Model */,
				63C31E74284DFD650083AD8B /* AppDelegate.swift */,
				63C31E76284DFD650083AD8B /* SceneDelegate.swift */,
				63C31E80284DFD660083AD8B /* Assets.xcassets */,
				63F68B7F28AA4FFE008F7FB0 /* Made Tommy.otf */,
				63D341FD285CE7F7003C556C /* GoogleService-Info.plist */,
				63DC6D1E28A634C900B01ED3 /* BebasNeue-Regular.otf */,
				63C31E85284DFD660083AD8B /* Info.plist */,
				63C31E7D284DFD650083AD8B /* P12.xcdatamodeld */,
			);
			path = P12;
			sourceTree = "<group>";
		};
		63C31E8D284DFD660083AD8B /* P12Tests */ = {
			isa = PBXGroup;
			children = (
				63007B4A28AE3942002FA25E /* JSON */,
				63C31E8E284DFD660083AD8B /* P12Tests.swift */,
				63007B4828AE38D5002FA25E /* MockURLProtocol.swift */,
				63007B4B28AE3950002FA25E /* FakeResponse.swift */,
				63007B4D28AE4652002FA25E /* TestNetwork.swift */,
			);
			path = P12Tests;
			sourceTree = "<group>";
		};
		63C31E97284DFD660083AD8B /* P12UITests */ = {
			isa = PBXGroup;
			children = (
				63C31E98284DFD660083AD8B /* P12UITests.swift */,
				63C31E9A284DFD660083AD8B /* P12UITestsLaunchTests.swift */,
			);
			path = P12UITests;
			sourceTree = "<group>";
		};
		63C31EA7284DFD6C0083AD8B /* Model */ = {
			isa = PBXGroup;
			children = (
				63C31EA8284DFD720083AD8B /* Service */,
				63C31EB5284DFEB90083AD8B /* Data.swift */,
				6318325A28894F6C00111D7A /* GamesObject.swift */,
				63680C9828589518009E99D2 /* RankingData.swift */,
				6382FBB82869A69C00D44C82 /* MatchObject.swift */,
			);
			path = Model;
			sourceTree = "<group>";
		};
		63C31EA8284DFD720083AD8B /* Service */ = {
			isa = PBXGroup;
			children = (
				63B7F4032882ADB6007413AE /* match.json */,
				63C31EAF284DFDC10083AD8B /* Service.swift */,
				63C31EB1284DFE7E0083AD8B /* SessionProtocol.swift */,
				63C31EB3284DFE910083AD8B /* Session.swift */,
				635A5E5F28900B1100D17523 /* Network.swift */,
			);
			path = Service;
			sourceTree = "<group>";
		};
		63C31EA9284DFD7D0083AD8B /* View */ = {
			isa = PBXGroup;
			children = (
				63C48FC328A5135F0086A279 /* Result */,
				63C48FC228A5134A0086A279 /* Ranking */,
				63C48FC128A513360086A279 /* LeagueCollection */,
				63C48FC028A513260086A279 /* GameCollection */,
				63C31E82284DFD660083AD8B /* LaunchScreen.storyboard */,
				63C31E7A284DFD650083AD8B /* Main.storyboard */,
			);
			path = View;
			sourceTree = "<group>";
		};
		63C31EAA284DFD960083AD8B /* Controller */ = {
			isa = PBXGroup;
			children = (
				63C31EC1284E51F00083AD8B /* ResultViewController.swift */,
				63C31EBF284E51CC0083AD8B /* RankingViewController.swift */,
				63C31EB9284E11860083AD8B /* FirstLaunchViewController.swift */,
				63401EBC289AC86B00CE7868 /* MatchDetailViewController.swift */,
				632AF25528B39ACD00FE50F9 /* LaunchViewController.swift */,
			);
			path = Controller;
			sourceTree = "<group>";
		};
		63C48FC028A513260086A279 /* GameCollection */ = {
			isa = PBXGroup;
			children = (
				6365FE8A28577DFB005C363A /* GamesCollectionViewCell.swift */,
				63432E0A2886D62700865499 /* GamesCollectionViewCell.xib */,
			);
			path = GameCollection;
			sourceTree = "<group>";
		};
		63C48FC128A513360086A279 /* LeagueCollection */ = {
			isa = PBXGroup;
			children = (
				6365FE8C2857889C005C363A /* LeaguesCollectionViewCell.swift */,
				6365FE8D2857889C005C363A /* LeaguesCollectionViewCell.xib */,
			);
			path = LeagueCollection;
			sourceTree = "<group>";
		};
		63C48FC228A5134A0086A279 /* Ranking */ = {
			isa = PBXGroup;
			children = (
				63680C942858933A009E99D2 /* RankingTableViewCell.swift */,
				63680C952858933A009E99D2 /* RankingTableViewCell.xib */,
			);
			path = Ranking;
			sourceTree = "<group>";
		};
		63C48FC328A5135F0086A279 /* Result */ = {
			isa = PBXGroup;
			children = (
				6380E0F0287C593D003396F4 /* ResultTableViewCell.swift */,
				6380E0F1287C593D003396F4 /* ResultTableViewCell.xib */,
			);
			path = Result;
			sourceTree = "<group>";
		};
		63EE257E28B3C00600AB52CD /* Animation */ = {
			isa = PBXGroup;
			children = (
				632AF25328B394A600FE50F9 /* golive.json */,
				632AF25128B3940400FE50F9 /* livetest.json */,
				632AF24F28B3915F00FE50F9 /* liveanimation.json */,
				632AF25928B39E1E00FE50F9 /* launch.json */,
			);
			path = Animation;
			sourceTree = "<group>";
		};
		6EBD7B9C8B071D991018A405 /* Pods */ = {
			isa = PBXGroup;
			children = (
			);
			path = Pods;
			sourceTree = "<group>";
		};
/* End PBXGroup section */

/* Begin PBXNativeTarget section */
		63C31E70284DFD650083AD8B /* P12 */ = {
			isa = PBXNativeTarget;
			buildConfigurationList = 63C31E9E284DFD660083AD8B /* Build configuration list for PBXNativeTarget "P12" */;
			buildPhases = (
				63C31E6D284DFD650083AD8B /* Sources */,
				63C31E6E284DFD650083AD8B /* Frameworks */,
				63C31E6F284DFD650083AD8B /* Resources */,
			);
			buildRules = (
			);
			dependencies = (
			);
			name = P12;
			packageProductDependencies = (
				63F2509428B3818800A04F52 /* SDWebImage */,
				63F2509728B3821200A04F52 /* FirebaseAnalytics */,
				63F2509928B3821200A04F52 /* FirebaseFirestore */,
				63F2509B28B3821200A04F52 /* FirebaseFirestoreSwift */,
				63F2509E28B3824100A04F52 /* Alamofire */,
				63DDDCC128BCC29A00A3ACA8 /* Lottie */,
			);
			productName = P12;
			productReference = 63C31E71284DFD650083AD8B /* P12.app */;
			productType = "com.apple.product-type.application";
		};
		63C31E89284DFD660083AD8B /* P12Tests */ = {
			isa = PBXNativeTarget;
			buildConfigurationList = 63C31EA1284DFD660083AD8B /* Build configuration list for PBXNativeTarget "P12Tests" */;
			buildPhases = (
				63C31E86284DFD660083AD8B /* Sources */,
				63C31E87284DFD660083AD8B /* Frameworks */,
				63C31E88284DFD660083AD8B /* Resources */,
			);
			buildRules = (
			);
			dependencies = (
				63C31E8C284DFD660083AD8B /* PBXTargetDependency */,
			);
			name = P12Tests;
			productName = P12Tests;
			productReference = 63C31E8A284DFD660083AD8B /* P12Tests.xctest */;
			productType = "com.apple.product-type.bundle.unit-test";
		};
		63C31E93284DFD660083AD8B /* P12UITests */ = {
			isa = PBXNativeTarget;
			buildConfigurationList = 63C31EA4284DFD660083AD8B /* Build configuration list for PBXNativeTarget "P12UITests" */;
			buildPhases = (
				63C31E90284DFD660083AD8B /* Sources */,
				63C31E91284DFD660083AD8B /* Frameworks */,
				63C31E92284DFD660083AD8B /* Resources */,
			);
			buildRules = (
			);
			dependencies = (
				63C31E96284DFD660083AD8B /* PBXTargetDependency */,
			);
			name = P12UITests;
			productName = P12UITests;
			productReference = 63C31E94284DFD660083AD8B /* P12UITests.xctest */;
			productType = "com.apple.product-type.bundle.ui-testing";
		};
/* End PBXNativeTarget section */

/* Begin PBXProject section */
		63C31E69284DFD650083AD8B /* Project object */ = {
			isa = PBXProject;
			attributes = {
				BuildIndependentTargetsInParallel = 1;
				LastSwiftUpdateCheck = 1340;
				LastUpgradeCheck = 1340;
				TargetAttributes = {
					63C31E70284DFD650083AD8B = {
						CreatedOnToolsVersion = 13.4.1;
					};
					63C31E89284DFD660083AD8B = {
						CreatedOnToolsVersion = 13.4.1;
						TestTargetID = 63C31E70284DFD650083AD8B;
					};
					63C31E93284DFD660083AD8B = {
						CreatedOnToolsVersion = 13.4.1;
						TestTargetID = 63C31E70284DFD650083AD8B;
					};
				};
			};
			buildConfigurationList = 63C31E6C284DFD650083AD8B /* Build configuration list for PBXProject "P12" */;
			compatibilityVersion = "Xcode 13.0";
			developmentRegion = en;
			hasScannedForEncodings = 0;
			knownRegions = (
				en,
				Base,
			);
			mainGroup = 63C31E68284DFD650083AD8B;
			packageReferences = (
				63F2509328B3818800A04F52 /* XCRemoteSwiftPackageReference "SDWebImage" */,
				63F2509628B3821200A04F52 /* XCRemoteSwiftPackageReference "firebase-ios-sdk" */,
				63F2509D28B3824100A04F52 /* XCRemoteSwiftPackageReference "Alamofire" */,
				63DDDCC028BCC29A00A3ACA8 /* XCRemoteSwiftPackageReference "lottie-ios" */,
			);
			productRefGroup = 63C31E72284DFD650083AD8B /* Products */;
			projectDirPath = "";
			projectRoot = "";
			targets = (
				63C31E70284DFD650083AD8B /* P12 */,
				63C31E89284DFD660083AD8B /* P12Tests */,
				63C31E93284DFD660083AD8B /* P12UITests */,
			);
		};
/* End PBXProject section */

/* Begin PBXResourcesBuildPhase section */
		63C31E6F284DFD650083AD8B /* Resources */ = {
			isa = PBXResourcesBuildPhase;
			buildActionMask = 2147483647;
			files = (
				632AF25228B3940400FE50F9 /* livetest.json in Resources */,
				63C31E84284DFD660083AD8B /* LaunchScreen.storyboard in Resources */,
				6380E0F3287C593D003396F4 /* ResultTableViewCell.xib in Resources */,
				63C31E81284DFD660083AD8B /* Assets.xcassets in Resources */,
				632AF25428B394A600FE50F9 /* golive.json in Resources */,
				63432E0C2886D62700865499 /* GamesCollectionViewCell.xib in Resources */,
				63F68B8028AA4FFE008F7FB0 /* Made Tommy.otf in Resources */,
				632AF25028B3915F00FE50F9 /* liveanimation.json in Resources */,
				6365FE8F2857889C005C363A /* LeaguesCollectionViewCell.xib in Resources */,
				63DC6D1F28A634C900B01ED3 /* BebasNeue-Regular.otf in Resources */,
				63680C972858933A009E99D2 /* RankingTableViewCell.xib in Resources */,
				63B7F4042882ADB6007413AE /* match.json in Resources */,
				63C31E7C284DFD650083AD8B /* Main.storyboard in Resources */,
				63D341FE285CE7F7003C556C /* GoogleService-Info.plist in Resources */,
				632AF25A28B39E1E00FE50F9 /* launch.json in Resources */,
			);
			runOnlyForDeploymentPostprocessing = 0;
		};
		63C31E88284DFD660083AD8B /* Resources */ = {
			isa = PBXResourcesBuildPhase;
			buildActionMask = 2147483647;
			files = (
				63D341FF285CE7F7003C556C /* GoogleService-Info.plist in Resources */,
				63007B5228AE6CCD002FA25E /* goodjson.json in Resources */,
				63007B5028AE6AB6002FA25E /* badjson.json in Resources */,
			);
			runOnlyForDeploymentPostprocessing = 0;
		};
		63C31E92284DFD660083AD8B /* Resources */ = {
			isa = PBXResourcesBuildPhase;
			buildActionMask = 2147483647;
			files = (
				63D34200285CE7F7003C556C /* GoogleService-Info.plist in Resources */,
			);
			runOnlyForDeploymentPostprocessing = 0;
		};
/* End PBXResourcesBuildPhase section */

/* Begin PBXSourcesBuildPhase section */
		63C31E6D284DFD650083AD8B /* Sources */ = {
			isa = PBXSourcesBuildPhase;
			buildActionMask = 2147483647;
			files = (
				6318325B28894F6C00111D7A /* GamesObject.swift in Sources */,
				6365FE8E2857889C005C363A /* LeaguesCollectionViewCell.swift in Sources */,
				63680C962858933A009E99D2 /* RankingTableViewCell.swift in Sources */,
				63C31EB4284DFE910083AD8B /* Session.swift in Sources */,
				63432E102886DC6600865499 /* UIViewController+AlertController.swift in Sources */,
				6382FBB92869A69C00D44C82 /* MatchObject.swift in Sources */,
				63680C9928589518009E99D2 /* RankingData.swift in Sources */,
				637C08F128B3C80900833533 /* UILabel.swift in Sources */,
				63C31E75284DFD650083AD8B /* AppDelegate.swift in Sources */,
				63C31EB2284DFE7E0083AD8B /* SessionProtocol.swift in Sources */,
				6365FE8B28577DFB005C363A /* GamesCollectionViewCell.swift in Sources */,
				63C31EBB284E11860083AD8B /* FirstLaunchViewController.swift in Sources */,
				63C31EB0284DFDC10083AD8B /* Service.swift in Sources */,
				63C31E77284DFD650083AD8B /* SceneDelegate.swift in Sources */,
				63401EBD289AC86B00CE7868 /* MatchDetailViewController.swift in Sources */,
				63C31E7F284DFD650083AD8B /* P12.xcdatamodeld in Sources */,
				637C08F328B3C82A00833533 /* UIView.swift in Sources */,
				635A5E6028900B1100D17523 /* Network.swift in Sources */,
				63C31EB6284DFEB90083AD8B /* Data.swift in Sources */,
				6380E0F2287C593D003396F4 /* ResultTableViewCell.swift in Sources */,
				63C31EC0284E51CC0083AD8B /* RankingViewController.swift in Sources */,
				637C08F528B3C84700833533 /* UIStackView.swift in Sources */,
				632AF25628B39ACD00FE50F9 /* LaunchViewController.swift in Sources */,
				63C31EC2284E51F00083AD8B /* ResultViewController.swift in Sources */,
			);
			runOnlyForDeploymentPostprocessing = 0;
		};
		63C31E86284DFD660083AD8B /* Sources */ = {
			isa = PBXSourcesBuildPhase;
			buildActionMask = 2147483647;
			files = (
				63007B4C28AE3950002FA25E /* FakeResponse.swift in Sources */,
				63C31E8F284DFD660083AD8B /* P12Tests.swift in Sources */,
				63007B4E28AE4652002FA25E /* TestNetwork.swift in Sources */,
				63007B4928AE38D5002FA25E /* MockURLProtocol.swift in Sources */,
			);
			runOnlyForDeploymentPostprocessing = 0;
		};
		63C31E90284DFD660083AD8B /* Sources */ = {
			isa = PBXSourcesBuildPhase;
			buildActionMask = 2147483647;
			files = (
				63C31E9B284DFD660083AD8B /* P12UITestsLaunchTests.swift in Sources */,
				63C31E99284DFD660083AD8B /* P12UITests.swift in Sources */,
			);
			runOnlyForDeploymentPostprocessing = 0;
		};
/* End PBXSourcesBuildPhase section */

/* Begin PBXTargetDependency section */
		63C31E8C284DFD660083AD8B /* PBXTargetDependency */ = {
			isa = PBXTargetDependency;
			target = 63C31E70284DFD650083AD8B /* P12 */;
			targetProxy = 63C31E8B284DFD660083AD8B /* PBXContainerItemProxy */;
		};
		63C31E96284DFD660083AD8B /* PBXTargetDependency */ = {
			isa = PBXTargetDependency;
			target = 63C31E70284DFD650083AD8B /* P12 */;
			targetProxy = 63C31E95284DFD660083AD8B /* PBXContainerItemProxy */;
		};
/* End PBXTargetDependency section */

/* Begin PBXVariantGroup section */
		63C31E7A284DFD650083AD8B /* Main.storyboard */ = {
			isa = PBXVariantGroup;
			children = (
				63C31E7B284DFD650083AD8B /* Base */,
			);
			name = Main.storyboard;
			sourceTree = "<group>";
		};
		63C31E82284DFD660083AD8B /* LaunchScreen.storyboard */ = {
			isa = PBXVariantGroup;
			children = (
				63C31E83284DFD660083AD8B /* Base */,
			);
			name = LaunchScreen.storyboard;
			sourceTree = "<group>";
		};
/* End PBXVariantGroup section */

/* Begin XCBuildConfiguration section */
		63C31E9C284DFD660083AD8B /* Debug */ = {
			isa = XCBuildConfiguration;
			buildSettings = {
				ALWAYS_SEARCH_USER_PATHS = NO;
				CLANG_ANALYZER_NONNULL = YES;
				CLANG_ANALYZER_NUMBER_OBJECT_CONVERSION = YES_AGGRESSIVE;
				CLANG_CXX_LANGUAGE_STANDARD = "gnu++17";
				CLANG_ENABLE_MODULES = YES;
				CLANG_ENABLE_OBJC_ARC = YES;
				CLANG_ENABLE_OBJC_WEAK = YES;
				CLANG_WARN_BLOCK_CAPTURE_AUTORELEASING = YES;
				CLANG_WARN_BOOL_CONVERSION = YES;
				CLANG_WARN_COMMA = YES;
				CLANG_WARN_CONSTANT_CONVERSION = YES;
				CLANG_WARN_DEPRECATED_OBJC_IMPLEMENTATIONS = YES;
				CLANG_WARN_DIRECT_OBJC_ISA_USAGE = YES_ERROR;
				CLANG_WARN_DOCUMENTATION_COMMENTS = YES;
				CLANG_WARN_EMPTY_BODY = YES;
				CLANG_WARN_ENUM_CONVERSION = YES;
				CLANG_WARN_INFINITE_RECURSION = YES;
				CLANG_WARN_INT_CONVERSION = YES;
				CLANG_WARN_NON_LITERAL_NULL_CONVERSION = YES;
				CLANG_WARN_OBJC_IMPLICIT_RETAIN_SELF = YES;
				CLANG_WARN_OBJC_LITERAL_CONVERSION = YES;
				CLANG_WARN_OBJC_ROOT_CLASS = YES_ERROR;
				CLANG_WARN_QUOTED_INCLUDE_IN_FRAMEWORK_HEADER = YES;
				CLANG_WARN_RANGE_LOOP_ANALYSIS = YES;
				CLANG_WARN_STRICT_PROTOTYPES = YES;
				CLANG_WARN_SUSPICIOUS_MOVE = YES;
				CLANG_WARN_UNGUARDED_AVAILABILITY = YES_AGGRESSIVE;
				CLANG_WARN_UNREACHABLE_CODE = YES;
				CLANG_WARN__DUPLICATE_METHOD_MATCH = YES;
				COPY_PHASE_STRIP = NO;
				DEBUG_INFORMATION_FORMAT = dwarf;
				ENABLE_STRICT_OBJC_MSGSEND = YES;
				ENABLE_TESTABILITY = YES;
				GCC_C_LANGUAGE_STANDARD = gnu11;
				GCC_DYNAMIC_NO_PIC = NO;
				GCC_NO_COMMON_BLOCKS = YES;
				GCC_OPTIMIZATION_LEVEL = 0;
				GCC_PREPROCESSOR_DEFINITIONS = (
					"DEBUG=1",
					"$(inherited)",
				);
				GCC_WARN_64_TO_32_BIT_CONVERSION = YES;
				GCC_WARN_ABOUT_RETURN_TYPE = YES_ERROR;
				GCC_WARN_UNDECLARED_SELECTOR = YES;
				GCC_WARN_UNINITIALIZED_AUTOS = YES_AGGRESSIVE;
				GCC_WARN_UNUSED_FUNCTION = YES;
				GCC_WARN_UNUSED_VARIABLE = YES;
				IPHONEOS_DEPLOYMENT_TARGET = 15.5;
				MTL_ENABLE_DEBUG_INFO = INCLUDE_SOURCE;
				MTL_FAST_MATH = YES;
				ONLY_ACTIVE_ARCH = YES;
				SDKROOT = iphoneos;
				SWIFT_ACTIVE_COMPILATION_CONDITIONS = DEBUG;
				SWIFT_OPTIMIZATION_LEVEL = "-Onone";
			};
			name = Debug;
		};
		63C31E9D284DFD660083AD8B /* Release */ = {
			isa = XCBuildConfiguration;
			buildSettings = {
				ALWAYS_SEARCH_USER_PATHS = NO;
				CLANG_ANALYZER_NONNULL = YES;
				CLANG_ANALYZER_NUMBER_OBJECT_CONVERSION = YES_AGGRESSIVE;
				CLANG_CXX_LANGUAGE_STANDARD = "gnu++17";
				CLANG_ENABLE_MODULES = YES;
				CLANG_ENABLE_OBJC_ARC = YES;
				CLANG_ENABLE_OBJC_WEAK = YES;
				CLANG_WARN_BLOCK_CAPTURE_AUTORELEASING = YES;
				CLANG_WARN_BOOL_CONVERSION = YES;
				CLANG_WARN_COMMA = YES;
				CLANG_WARN_CONSTANT_CONVERSION = YES;
				CLANG_WARN_DEPRECATED_OBJC_IMPLEMENTATIONS = YES;
				CLANG_WARN_DIRECT_OBJC_ISA_USAGE = YES_ERROR;
				CLANG_WARN_DOCUMENTATION_COMMENTS = YES;
				CLANG_WARN_EMPTY_BODY = YES;
				CLANG_WARN_ENUM_CONVERSION = YES;
				CLANG_WARN_INFINITE_RECURSION = YES;
				CLANG_WARN_INT_CONVERSION = YES;
				CLANG_WARN_NON_LITERAL_NULL_CONVERSION = YES;
				CLANG_WARN_OBJC_IMPLICIT_RETAIN_SELF = YES;
				CLANG_WARN_OBJC_LITERAL_CONVERSION = YES;
				CLANG_WARN_OBJC_ROOT_CLASS = YES_ERROR;
				CLANG_WARN_QUOTED_INCLUDE_IN_FRAMEWORK_HEADER = YES;
				CLANG_WARN_RANGE_LOOP_ANALYSIS = YES;
				CLANG_WARN_STRICT_PROTOTYPES = YES;
				CLANG_WARN_SUSPICIOUS_MOVE = YES;
				CLANG_WARN_UNGUARDED_AVAILABILITY = YES_AGGRESSIVE;
				CLANG_WARN_UNREACHABLE_CODE = YES;
				CLANG_WARN__DUPLICATE_METHOD_MATCH = YES;
				COPY_PHASE_STRIP = NO;
				DEBUG_INFORMATION_FORMAT = "dwarf-with-dsym";
				ENABLE_NS_ASSERTIONS = NO;
				ENABLE_STRICT_OBJC_MSGSEND = YES;
				GCC_C_LANGUAGE_STANDARD = gnu11;
				GCC_NO_COMMON_BLOCKS = YES;
				GCC_WARN_64_TO_32_BIT_CONVERSION = YES;
				GCC_WARN_ABOUT_RETURN_TYPE = YES_ERROR;
				GCC_WARN_UNDECLARED_SELECTOR = YES;
				GCC_WARN_UNINITIALIZED_AUTOS = YES_AGGRESSIVE;
				GCC_WARN_UNUSED_FUNCTION = YES;
				GCC_WARN_UNUSED_VARIABLE = YES;
				IPHONEOS_DEPLOYMENT_TARGET = 15.5;
				MTL_ENABLE_DEBUG_INFO = NO;
				MTL_FAST_MATH = YES;
				SDKROOT = iphoneos;
				SWIFT_COMPILATION_MODE = wholemodule;
				SWIFT_OPTIMIZATION_LEVEL = "-O";
				VALIDATE_PRODUCT = YES;
			};
			name = Release;
		};
		63C31E9F284DFD660083AD8B /* Debug */ = {
			isa = XCBuildConfiguration;
			buildSettings = {
				ASSETCATALOG_COMPILER_APPICON_NAME = AppIcon;
				ASSETCATALOG_COMPILER_GLOBAL_ACCENT_COLOR_NAME = AccentColor;
				CODE_SIGN_STYLE = Automatic;
				CURRENT_PROJECT_VERSION = 1;
				DEVELOPMENT_TEAM = T2L78J4N3Z;
				GENERATE_INFOPLIST_FILE = YES;
				INFOPLIST_FILE = P12/Info.plist;
				INFOPLIST_KEY_UIApplicationSupportsIndirectInputEvents = YES;
				INFOPLIST_KEY_UILaunchStoryboardName = LaunchScreen;
				INFOPLIST_KEY_UIMainStoryboardFile = Main;
				INFOPLIST_KEY_UISupportedInterfaceOrientations_iPad = "UIInterfaceOrientationPortrait UIInterfaceOrientationPortraitUpsideDown UIInterfaceOrientationLandscapeLeft UIInterfaceOrientationLandscapeRight";
				INFOPLIST_KEY_UISupportedInterfaceOrientations_iPhone = "UIInterfaceOrientationPortrait UIInterfaceOrientationLandscapeLeft UIInterfaceOrientationLandscapeRight";
				LD_RUNPATH_SEARCH_PATHS = (
					"$(inherited)",
					"@executable_path/Frameworks",
				);
				MARKETING_VERSION = 1.0;
				PRODUCT_BUNDLE_IDENTIFIER = Thibault.Ballof.P12;
				PRODUCT_NAME = "$(TARGET_NAME)";
				SWIFT_EMIT_LOC_STRINGS = YES;
				SWIFT_VERSION = 5.0;
				TARGETED_DEVICE_FAMILY = "1,2";
			};
			name = Debug;
		};
		63C31EA0284DFD660083AD8B /* Release */ = {
			isa = XCBuildConfiguration;
			buildSettings = {
				ASSETCATALOG_COMPILER_APPICON_NAME = AppIcon;
				ASSETCATALOG_COMPILER_GLOBAL_ACCENT_COLOR_NAME = AccentColor;
				CODE_SIGN_STYLE = Automatic;
				CURRENT_PROJECT_VERSION = 1;
				DEVELOPMENT_TEAM = T2L78J4N3Z;
				GENERATE_INFOPLIST_FILE = YES;
				INFOPLIST_FILE = P12/Info.plist;
				INFOPLIST_KEY_UIApplicationSupportsIndirectInputEvents = YES;
				INFOPLIST_KEY_UILaunchStoryboardName = LaunchScreen;
				INFOPLIST_KEY_UIMainStoryboardFile = Main;
				INFOPLIST_KEY_UISupportedInterfaceOrientations_iPad = "UIInterfaceOrientationPortrait UIInterfaceOrientationPortraitUpsideDown UIInterfaceOrientationLandscapeLeft UIInterfaceOrientationLandscapeRight";
				INFOPLIST_KEY_UISupportedInterfaceOrientations_iPhone = "UIInterfaceOrientationPortrait UIInterfaceOrientationLandscapeLeft UIInterfaceOrientationLandscapeRight";
				LD_RUNPATH_SEARCH_PATHS = (
					"$(inherited)",
					"@executable_path/Frameworks",
				);
				MARKETING_VERSION = 1.0;
				PRODUCT_BUNDLE_IDENTIFIER = Thibault.Ballof.P12;
				PRODUCT_NAME = "$(TARGET_NAME)";
				SWIFT_EMIT_LOC_STRINGS = YES;
				SWIFT_VERSION = 5.0;
				TARGETED_DEVICE_FAMILY = "1,2";
			};
			name = Release;
		};
		63C31EA2284DFD660083AD8B /* Debug */ = {
			isa = XCBuildConfiguration;
			buildSettings = {
				ALWAYS_EMBED_SWIFT_STANDARD_LIBRARIES = YES;
				BUNDLE_LOADER = "$(TEST_HOST)";
				CODE_SIGN_STYLE = Automatic;
				CURRENT_PROJECT_VERSION = 1;
				DEVELOPMENT_TEAM = T2L78J4N3Z;
				GENERATE_INFOPLIST_FILE = YES;
				IPHONEOS_DEPLOYMENT_TARGET = 15.5;
				MARKETING_VERSION = 1.0;
				PRODUCT_BUNDLE_IDENTIFIER = Thibault.Ballof.P12Tests;
				PRODUCT_NAME = "$(TARGET_NAME)";
				SWIFT_EMIT_LOC_STRINGS = NO;
				SWIFT_VERSION = 5.0;
				TARGETED_DEVICE_FAMILY = "1,2";
				TEST_HOST = "$(BUILT_PRODUCTS_DIR)/P12.app/P12";
			};
			name = Debug;
		};
		63C31EA3284DFD660083AD8B /* Release */ = {
			isa = XCBuildConfiguration;
			buildSettings = {
				ALWAYS_EMBED_SWIFT_STANDARD_LIBRARIES = YES;
				BUNDLE_LOADER = "$(TEST_HOST)";
				CODE_SIGN_STYLE = Automatic;
				CURRENT_PROJECT_VERSION = 1;
				DEVELOPMENT_TEAM = T2L78J4N3Z;
				GENERATE_INFOPLIST_FILE = YES;
				IPHONEOS_DEPLOYMENT_TARGET = 15.5;
				MARKETING_VERSION = 1.0;
				PRODUCT_BUNDLE_IDENTIFIER = Thibault.Ballof.P12Tests;
				PRODUCT_NAME = "$(TARGET_NAME)";
				SWIFT_EMIT_LOC_STRINGS = NO;
				SWIFT_VERSION = 5.0;
				TARGETED_DEVICE_FAMILY = "1,2";
				TEST_HOST = "$(BUILT_PRODUCTS_DIR)/P12.app/P12";
			};
			name = Release;
		};
		63C31EA5284DFD660083AD8B /* Debug */ = {
			isa = XCBuildConfiguration;
			buildSettings = {
				ALWAYS_EMBED_SWIFT_STANDARD_LIBRARIES = YES;
				CODE_SIGN_STYLE = Automatic;
				CURRENT_PROJECT_VERSION = 1;
				DEVELOPMENT_TEAM = T2L78J4N3Z;
				GENERATE_INFOPLIST_FILE = YES;
				MARKETING_VERSION = 1.0;
				PRODUCT_BUNDLE_IDENTIFIER = Thibault.Ballof.P12UITests;
				PRODUCT_NAME = "$(TARGET_NAME)";
				SWIFT_EMIT_LOC_STRINGS = NO;
				SWIFT_VERSION = 5.0;
				TARGETED_DEVICE_FAMILY = "1,2";
				TEST_TARGET_NAME = P12;
			};
			name = Debug;
		};
		63C31EA6284DFD660083AD8B /* Release */ = {
			isa = XCBuildConfiguration;
			buildSettings = {
				ALWAYS_EMBED_SWIFT_STANDARD_LIBRARIES = YES;
				CODE_SIGN_STYLE = Automatic;
				CURRENT_PROJECT_VERSION = 1;
				DEVELOPMENT_TEAM = T2L78J4N3Z;
				GENERATE_INFOPLIST_FILE = YES;
				MARKETING_VERSION = 1.0;
				PRODUCT_BUNDLE_IDENTIFIER = Thibault.Ballof.P12UITests;
				PRODUCT_NAME = "$(TARGET_NAME)";
				SWIFT_EMIT_LOC_STRINGS = NO;
				SWIFT_VERSION = 5.0;
				TARGETED_DEVICE_FAMILY = "1,2";
				TEST_TARGET_NAME = P12;
			};
			name = Release;
		};
/* End XCBuildConfiguration section */

/* Begin XCConfigurationList section */
		63C31E6C284DFD650083AD8B /* Build configuration list for PBXProject "P12" */ = {
			isa = XCConfigurationList;
			buildConfigurations = (
				63C31E9C284DFD660083AD8B /* Debug */,
				63C31E9D284DFD660083AD8B /* Release */,
			);
			defaultConfigurationIsVisible = 0;
			defaultConfigurationName = Release;
		};
		63C31E9E284DFD660083AD8B /* Build configuration list for PBXNativeTarget "P12" */ = {
			isa = XCConfigurationList;
			buildConfigurations = (
				63C31E9F284DFD660083AD8B /* Debug */,
				63C31EA0284DFD660083AD8B /* Release */,
			);
			defaultConfigurationIsVisible = 0;
			defaultConfigurationName = Release;
		};
		63C31EA1284DFD660083AD8B /* Build configuration list for PBXNativeTarget "P12Tests" */ = {
			isa = XCConfigurationList;
			buildConfigurations = (
				63C31EA2284DFD660083AD8B /* Debug */,
				63C31EA3284DFD660083AD8B /* Release */,
			);
			defaultConfigurationIsVisible = 0;
			defaultConfigurationName = Release;
		};
		63C31EA4284DFD660083AD8B /* Build configuration list for PBXNativeTarget "P12UITests" */ = {
			isa = XCConfigurationList;
			buildConfigurations = (
				63C31EA5284DFD660083AD8B /* Debug */,
				63C31EA6284DFD660083AD8B /* Release */,
			);
			defaultConfigurationIsVisible = 0;
			defaultConfigurationName = Release;
		};
/* End XCConfigurationList section */

/* Begin XCRemoteSwiftPackageReference section */
		63DDDCC028BCC29A00A3ACA8 /* XCRemoteSwiftPackageReference "lottie-ios" */ = {
			isa = XCRemoteSwiftPackageReference;
			repositoryURL = "https://github.com/airbnb/lottie-ios.git";
			requirement = {
				branch = master;
				kind = branch;
			};
		};
		63F2509328B3818800A04F52 /* XCRemoteSwiftPackageReference "SDWebImage" */ = {
			isa = XCRemoteSwiftPackageReference;
			repositoryURL = "https://github.com/SDWebImage/SDWebImage.git";
			requirement = {
				branch = master;
				kind = branch;
			};
		};
		63F2509628B3821200A04F52 /* XCRemoteSwiftPackageReference "firebase-ios-sdk" */ = {
			isa = XCRemoteSwiftPackageReference;
			repositoryURL = "https://github.com/firebase/firebase-ios-sdk";
			requirement = {
				branch = master;
				kind = branch;
			};
		};
		63F2509D28B3824100A04F52 /* XCRemoteSwiftPackageReference "Alamofire" */ = {
			isa = XCRemoteSwiftPackageReference;
			repositoryURL = "https://github.com/Alamofire/Alamofire.git";
			requirement = {
				branch = master;
				kind = branch;
			};
		};
/* End XCRemoteSwiftPackageReference section */

/* Begin XCSwiftPackageProductDependency section */
		63DDDCC128BCC29A00A3ACA8 /* Lottie */ = {
			isa = XCSwiftPackageProductDependency;
			package = 63DDDCC028BCC29A00A3ACA8 /* XCRemoteSwiftPackageReference "lottie-ios" */;
			productName = Lottie;
		};
		63F2509428B3818800A04F52 /* SDWebImage */ = {
			isa = XCSwiftPackageProductDependency;
			package = 63F2509328B3818800A04F52 /* XCRemoteSwiftPackageReference "SDWebImage" */;
			productName = SDWebImage;
		};
		63F2509728B3821200A04F52 /* FirebaseAnalytics */ = {
			isa = XCSwiftPackageProductDependency;
			package = 63F2509628B3821200A04F52 /* XCRemoteSwiftPackageReference "firebase-ios-sdk" */;
			productName = FirebaseAnalytics;
		};
		63F2509928B3821200A04F52 /* FirebaseFirestore */ = {
			isa = XCSwiftPackageProductDependency;
			package = 63F2509628B3821200A04F52 /* XCRemoteSwiftPackageReference "firebase-ios-sdk" */;
			productName = FirebaseFirestore;
		};
		63F2509B28B3821200A04F52 /* FirebaseFirestoreSwift */ = {
			isa = XCSwiftPackageProductDependency;
			package = 63F2509628B3821200A04F52 /* XCRemoteSwiftPackageReference "firebase-ios-sdk" */;
			productName = FirebaseFirestoreSwift;
		};
		63F2509E28B3824100A04F52 /* Alamofire */ = {
			isa = XCSwiftPackageProductDependency;
			package = 63F2509D28B3824100A04F52 /* XCRemoteSwiftPackageReference "Alamofire" */;
			productName = Alamofire;
		};
/* End XCSwiftPackageProductDependency section */

/* Begin XCVersionGroup section */
		63C31E7D284DFD650083AD8B /* P12.xcdatamodeld */ = {
			isa = XCVersionGroup;
			children = (
				63C31E7E284DFD650083AD8B /* P12.xcdatamodel */,
			);
			currentVersion = 63C31E7E284DFD650083AD8B /* P12.xcdatamodel */;
			path = P12.xcdatamodeld;
			sourceTree = "<group>";
			versionGroupType = wrapper.xcdatamodel;
		};
/* End XCVersionGroup section */
	};
	rootObject = 63C31E69284DFD650083AD8B /* Project object */;
}
